
Microsoft Visual Studio Solution File, Format Version 12.00
# Visual Studio 15
VisualStudioVersion = 15.0.26124.0
MinimumVisualStudioVersion = 15.0.26124.0
Project("{FAE04EC0-301F-11D3-BF4B-00C04F79EFBC}") = "Domain", "Domain\Domain.csproj", "{E3655CED-43F2-4E4F-A8ED-9537285A4040}"
EndProject
Project("{FAE04EC0-301F-11D3-BF4B-00C04F79EFBC}") = "Application", "Application\Application.csproj", "{9796F8AA-9615-440D-A911-1F9759BA2877}"
EndProject
Project("{FAE04EC0-301F-11D3-BF4B-00C04F79EFBC}") = "Persistence", "Persistence\Persistence.csproj", "{F8FB9400-41C6-4A75-ACD2-55BB70A21CFA}"
EndProject
Project("{FAE04EC0-301F-11D3-BF4B-00C04F79EFBC}") = "API", "API\API.csproj", "{7A618501-38D0-4104-A07B-F650AB13F025}"
EndProject
Global
	GlobalSection(SolutionConfigurationPlatforms) = preSolution
		Debug|Any CPU = Debug|Any CPU
		Debug|x64 = Debug|x64
		Debug|x86 = Debug|x86
		Release|Any CPU = Release|Any CPU
		Release|x64 = Release|x64
		Release|x86 = Release|x86
	EndGlobalSection
	GlobalSection(SolutionProperties) = preSolution
		HideSolutionNode = FALSE
	EndGlobalSection
	GlobalSection(ProjectConfigurationPlatforms) = postSolution
		{E3655CED-43F2-4E4F-A8ED-9537285A4040}.Debug|Any CPU.ActiveCfg = Debug|Any CPU
		{E3655CED-43F2-4E4F-A8ED-9537285A4040}.Debug|Any CPU.Build.0 = Debug|Any CPU
		{E3655CED-43F2-4E4F-A8ED-9537285A4040}.Debug|x64.ActiveCfg = Debug|Any CPU
		{E3655CED-43F2-4E4F-A8ED-9537285A4040}.Debug|x64.Build.0 = Debug|Any CPU
		{E3655CED-43F2-4E4F-A8ED-9537285A4040}.Debug|x86.ActiveCfg = Debug|Any CPU
		{E3655CED-43F2-4E4F-A8ED-9537285A4040}.Debug|x86.Build.0 = Debug|Any CPU
		{E3655CED-43F2-4E4F-A8ED-9537285A4040}.Release|Any CPU.ActiveCfg = Release|Any CPU
		{E3655CED-43F2-4E4F-A8ED-9537285A4040}.Release|Any CPU.Build.0 = Release|Any CPU
		{E3655CED-43F2-4E4F-A8ED-9537285A4040}.Release|x64.ActiveCfg = Release|Any CPU
		{E3655CED-43F2-4E4F-A8ED-9537285A4040}.Release|x64.Build.0 = Release|Any CPU
		{E3655CED-43F2-4E4F-A8ED-9537285A4040}.Release|x86.ActiveCfg = Release|Any CPU
		{E3655CED-43F2-4E4F-A8ED-9537285A4040}.Release|x86.Build.0 = Release|Any CPU
		{9796F8AA-9615-440D-A911-1F9759BA2877}.Debug|Any CPU.ActiveCfg = Debug|Any CPU
		{9796F8AA-9615-440D-A911-1F9759BA2877}.Debug|Any CPU.Build.0 = Debug|Any CPU
		{9796F8AA-9615-440D-A911-1F9759BA2877}.Debug|x64.ActiveCfg = Debug|Any CPU
		{9796F8AA-9615-440D-A911-1F9759BA2877}.Debug|x64.Build.0 = Debug|Any CPU
		{9796F8AA-9615-440D-A911-1F9759BA2877}.Debug|x86.ActiveCfg = Debug|Any CPU
		{9796F8AA-9615-440D-A911-1F9759BA2877}.Debug|x86.Build.0 = Debug|Any CPU
		{9796F8AA-9615-440D-A911-1F9759BA2877}.Release|Any CPU.ActiveCfg = Release|Any CPU
		{9796F8AA-9615-440D-A911-1F9759BA2877}.Release|Any CPU.Build.0 = Release|Any CPU
		{9796F8AA-9615-440D-A911-1F9759BA2877}.Release|x64.ActiveCfg = Release|Any CPU
		{9796F8AA-9615-440D-A911-1F9759BA2877}.Release|x64.Build.0 = Release|Any CPU
		{9796F8AA-9615-440D-A911-1F9759BA2877}.Release|x86.ActiveCfg = Release|Any CPU
		{9796F8AA-9615-440D-A911-1F9759BA2877}.Release|x86.Build.0 = Release|Any CPU
		{F8FB9400-41C6-4A75-ACD2-55BB70A21CFA}.Debug|Any CPU.ActiveCfg = Debug|Any CPU
		{F8FB9400-41C6-4A75-ACD2-55BB70A21CFA}.Debug|Any CPU.Build.0 = Debug|Any CPU
		{F8FB9400-41C6-4A75-ACD2-55BB70A21CFA}.Debug|x64.ActiveCfg = Debug|Any CPU
		{F8FB9400-41C6-4A75-ACD2-55BB70A21CFA}.Debug|x64.Build.0 = Debug|Any CPU
		{F8FB9400-41C6-4A75-ACD2-55BB70A21CFA}.Debug|x86.ActiveCfg = Debug|Any CPU
		{F8FB9400-41C6-4A75-ACD2-55BB70A21CFA}.Debug|x86.Build.0 = Debug|Any CPU
		{F8FB9400-41C6-4A75-ACD2-55BB70A21CFA}.Release|Any CPU.ActiveCfg = Release|Any CPU
		{F8FB9400-41C6-4A75-ACD2-55BB70A21CFA}.Release|Any CPU.Build.0 = Release|Any CPU
		{F8FB9400-41C6-4A75-ACD2-55BB70A21CFA}.Release|x64.ActiveCfg = Release|Any CPU
		{F8FB9400-41C6-4A75-ACD2-55BB70A21CFA}.Release|x64.Build.0 = Release|Any CPU
		{F8FB9400-41C6-4A75-ACD2-55BB70A21CFA}.Release|x86.ActiveCfg = Release|Any CPU
		{F8FB9400-41C6-4A75-ACD2-55BB70A21CFA}.Release|x86.Build.0 = Release|Any CPU
		{7A618501-38D0-4104-A07B-F650AB13F025}.Debug|Any CPU.ActiveCfg = Debug|Any CPU
		{7A618501-38D0-4104-A07B-F650AB13F025}.Debug|Any CPU.Build.0 = Debug|Any CPU
		{7A618501-38D0-4104-A07B-F650AB13F025}.Debug|x64.ActiveCfg = Debug|Any CPU
		{7A618501-38D0-4104-A07B-F650AB13F025}.Debug|x64.Build.0 = Debug|Any CPU
		{7A618501-38D0-4104-A07B-F650AB13F025}.Debug|x86.ActiveCfg = Debug|Any CPU
		{7A618501-38D0-4104-A07B-F650AB13F025}.Debug|x86.Build.0 = Debug|Any CPU
		{7A618501-38D0-4104-A07B-F650AB13F025}.Release|Any CPU.ActiveCfg = Release|Any CPU
		{7A618501-38D0-4104-A07B-F650AB13F025}.Release|Any CPU.Build.0 = Release|Any CPU
		{7A618501-38D0-4104-A07B-F650AB13F025}.Release|x64.ActiveCfg = Release|Any CPU
		{7A618501-38D0-4104-A07B-F650AB13F025}.Release|x64.Build.0 = Release|Any CPU
		{7A618501-38D0-4104-A07B-F650AB13F025}.Release|x86.ActiveCfg = Release|Any CPU
		{7A618501-38D0-4104-A07B-F650AB13F025}.Release|x86.Build.0 = Release|Any CPU
	EndGlobalSection
EndGlobal
